{
  "version": 4,
  "terraform_version": "1.5.7",
  "serial": 1,
  "lineage": "a79491db-c0ee-71af-8384-cc5f405b7532",
  "outputs": {},
  "resources": [
    {
      "mode": "managed",
      "type": "github_repository",
      "name": "repo1",
      "provider": "provider[\"registry.terraform.io/integrations/github\"]",
      "instances": [
        {
          "schema_version": 1,
          "attributes": {
            "allow_auto_merge": false,
            "allow_merge_commit": true,
            "allow_rebase_merge": true,
            "allow_squash_merge": true,
            "allow_update_branch": false,
            "archive_on_destroy": null,
            "archived": false,
            "auto_init": null,
            "default_branch": "main",
            "delete_branch_on_merge": false,
            "description": "My awesome codebase",
            "etag": "W/\"d65537e6e53e2c2f87660a81377d066c172feb8d057f68ab7e4891e2ef7a38ff\"",
            "full_name": "Toriadeyeye/myfirstterrarepo",
            "git_clone_url": "git://github.com/Toriadeyeye/myfirstterrarepo.git",
            "gitignore_template": null,
            "has_discussions": false,
            "has_downloads": false,
            "has_issues": false,
            "has_projects": false,
            "has_wiki": false,
            "homepage_url": "",
            "html_url": "https://github.com/Toriadeyeye/myfirstterrarepo",
            "http_clone_url": "https://github.com/Toriadeyeye/myfirstterrarepo.git",
            "id": "myfirstterrarepo",
            "ignore_vulnerability_alerts_during_read": null,
            "is_template": false,
            "license_template": null,
            "merge_commit_message": "PR_TITLE",
            "merge_commit_title": "MERGE_MESSAGE",
            "name": "myfirstterrarepo",
            "node_id": "R_kgDOKZe_bg",
            "pages": [],
            "primary_language": "",
            "private": false,
            "repo_id": 697810798,
            "security_and_analysis": [
              {
                "advanced_security": [],
                "secret_scanning": [
                  {
                    "status": "disabled"
                  }
                ],
                "secret_scanning_push_protection": [
                  {
                    "status": "disabled"
                  }
                ]
              }
            ],
            "squash_merge_commit_message": "COMMIT_MESSAGES",
            "squash_merge_commit_title": "COMMIT_OR_PR_TITLE",
            "ssh_clone_url": "git@github.com:Toriadeyeye/myfirstterrarepo.git",
            "svn_url": "https://github.com/Toriadeyeye/myfirstterrarepo",
            "template": [],
            "topics": [],
            "visibility": "public",
            "vulnerability_alerts": false
          },
          "sensitive_attributes": [],
          "private": "eyJzY2hlbWFfdmVyc2lvbiI6IjEifQ=="
        }
      ]
    }
  ],
  "check_results": null
}
